
Microsoft Visual Studio Solution File, Format Version 12.00
# Visual Studio Version 17
VisualStudioVersion = 17.6.33829.357
MinimumVisualStudioVersion = 10.0.40219.1
Project("{FAE04EC0-301F-11D3-BF4B-00C04F79EFBC}") = "WindowsFormsApp4", "WindowsFormsApp4.csproj", "{2946F53D-0EAA-4570-93A5-E78C1FAFFADD}"
EndProject
Global
	GlobalSection(SolutionConfigurationPlatforms) = preSolution
		Debug|Any CPU = Debug|Any CPU
		Release|Any CPU = Release|Any CPU
	EndGlobalSection
	GlobalSection(ProjectConfigurationPlatforms) = postSolution
		{2946F53D-0EAA-4570-93A5-E78C1FAFFADD}.Debug|Any CPU.ActiveCfg = Debug|Any CPU
		{2946F53D-0EAA-4570-93A5-E78C1FAFFADD}.Debug|Any CPU.Build.0 = Debug|Any CPU
		{2946F53D-0EAA-4570-93A5-E78C1FAFFADD}.Release|Any CPU.ActiveCfg = Release|Any CPU
		{2946F53D-0EAA-4570-93A5-E78C1FAFFADD}.Release|Any CPU.Build.0 = Release|Any CPU
	EndGlobalSection
	GlobalSection(SolutionProperties) = preSolution
		HideSolutionNode = FALSE
	EndGlobalSection
	GlobalSection(ExtensibilityGlobals) = postSolution
		SolutionGuid = {222081A4-9E99-490A-84C6-78A8BF5CC8CF}
	EndGlobalSection
EndGlobal
